
Microsoft Visual Studio Solution File, Format Version 12.00
# Visual Studio 15
VisualStudioVersion = 15.0.28010.0
MinimumVisualStudioVersion = 10.0.40219.1
Project("{FAE04EC0-301F-11D3-BF4B-00C04F79EFBC}") = "ChatClubeAndroid", "ChatClubeAndroid\ChatClubeAndroid.csproj", "{52381C0D-EAAA-42D6-BAE9-66657B9E0A21}"
EndProject
Project("{FAE04EC0-301F-11D3-BF4B-00C04F79EFBC}") = "ChatClubeLibrary", "ChatClubeLibrary\ChatClubeLibrary.csproj", "{21CF3751-1A69-4F77-AEB3-603E80668E77}"
EndProject
Project("{FAE04EC0-301F-11D3-BF4B-00C04F79EFBC}") = "ChatClubeIOS", "ChatClubeIOS\ChatClubeIOS.csproj", "{6125367E-0465-4915-907A-47860404577D}"
EndProject
Project("{9A19103F-16F7-4668-BE54-9A1E7A4F7556}") = "ChatClubeWebAPI", "ChatClubeWebAPI\ChatClubeWebAPI.csproj", "{21EE7AE1-FA08-4713-A14E-5EB54F22497D}"
EndProject
Global
	GlobalSection(SolutionConfigurationPlatforms) = preSolution
		Debug|Any CPU = Debug|Any CPU
		Debug|iPhone = Debug|iPhone
		Debug|iPhoneSimulator = Debug|iPhoneSimulator
		Release|Any CPU = Release|Any CPU
		Release|iPhone = Release|iPhone
		Release|iPhoneSimulator = Release|iPhoneSimulator
	EndGlobalSection
	GlobalSection(ProjectConfigurationPlatforms) = postSolution
		{52381C0D-EAAA-42D6-BAE9-66657B9E0A21}.Debug|Any CPU.ActiveCfg = Debug|Any CPU
		{52381C0D-EAAA-42D6-BAE9-66657B9E0A21}.Debug|Any CPU.Build.0 = Debug|Any CPU
		{52381C0D-EAAA-42D6-BAE9-66657B9E0A21}.Debug|Any CPU.Deploy.0 = Debug|Any CPU
		{52381C0D-EAAA-42D6-BAE9-66657B9E0A21}.Debug|iPhone.ActiveCfg = Debug|Any CPU
		{52381C0D-EAAA-42D6-BAE9-66657B9E0A21}.Debug|iPhone.Build.0 = Debug|Any CPU
		{52381C0D-EAAA-42D6-BAE9-66657B9E0A21}.Debug|iPhone.Deploy.0 = Debug|Any CPU
		{52381C0D-EAAA-42D6-BAE9-66657B9E0A21}.Debug|iPhoneSimulator.ActiveCfg = Debug|Any CPU
		{52381C0D-EAAA-42D6-BAE9-66657B9E0A21}.Debug|iPhoneSimulator.Build.0 = Debug|Any CPU
		{52381C0D-EAAA-42D6-BAE9-66657B9E0A21}.Debug|iPhoneSimulator.Deploy.0 = Debug|Any CPU
		{52381C0D-EAAA-42D6-BAE9-66657B9E0A21}.Release|Any CPU.ActiveCfg = Release|Any CPU
		{52381C0D-EAAA-42D6-BAE9-66657B9E0A21}.Release|Any CPU.Build.0 = Release|Any CPU
		{52381C0D-EAAA-42D6-BAE9-66657B9E0A21}.Release|Any CPU.Deploy.0 = Release|Any CPU
		{52381C0D-EAAA-42D6-BAE9-66657B9E0A21}.Release|iPhone.ActiveCfg = Release|Any CPU
		{52381C0D-EAAA-42D6-BAE9-66657B9E0A21}.Release|iPhone.Build.0 = Release|Any CPU
		{52381C0D-EAAA-42D6-BAE9-66657B9E0A21}.Release|iPhone.Deploy.0 = Release|Any CPU
		{52381C0D-EAAA-42D6-BAE9-66657B9E0A21}.Release|iPhoneSimulator.ActiveCfg = Release|Any CPU
		{52381C0D-EAAA-42D6-BAE9-66657B9E0A21}.Release|iPhoneSimulator.Build.0 = Release|Any CPU
		{52381C0D-EAAA-42D6-BAE9-66657B9E0A21}.Release|iPhoneSimulator.Deploy.0 = Release|Any CPU
		{21CF3751-1A69-4F77-AEB3-603E80668E77}.Debug|Any CPU.ActiveCfg = Debug|Any CPU
		{21CF3751-1A69-4F77-AEB3-603E80668E77}.Debug|Any CPU.Build.0 = Debug|Any CPU
		{21CF3751-1A69-4F77-AEB3-603E80668E77}.Debug|iPhone.ActiveCfg = Debug|Any CPU
		{21CF3751-1A69-4F77-AEB3-603E80668E77}.Debug|iPhone.Build.0 = Debug|Any CPU
		{21CF3751-1A69-4F77-AEB3-603E80668E77}.Debug|iPhoneSimulator.ActiveCfg = Debug|Any CPU
		{21CF3751-1A69-4F77-AEB3-603E80668E77}.Debug|iPhoneSimulator.Build.0 = Debug|Any CPU
		{21CF3751-1A69-4F77-AEB3-603E80668E77}.Release|Any CPU.ActiveCfg = Release|Any CPU
		{21CF3751-1A69-4F77-AEB3-603E80668E77}.Release|Any CPU.Build.0 = Release|Any CPU
		{21CF3751-1A69-4F77-AEB3-603E80668E77}.Release|iPhone.ActiveCfg = Release|Any CPU
		{21CF3751-1A69-4F77-AEB3-603E80668E77}.Release|iPhone.Build.0 = Release|Any CPU
		{21CF3751-1A69-4F77-AEB3-603E80668E77}.Release|iPhoneSimulator.ActiveCfg = Release|Any CPU
		{21CF3751-1A69-4F77-AEB3-603E80668E77}.Release|iPhoneSimulator.Build.0 = Release|Any CPU
		{6125367E-0465-4915-907A-47860404577D}.Debug|Any CPU.ActiveCfg = Debug|iPhone
		{6125367E-0465-4915-907A-47860404577D}.Debug|iPhone.ActiveCfg = Debug|iPhone
		{6125367E-0465-4915-907A-47860404577D}.Debug|iPhone.Build.0 = Debug|iPhone
		{6125367E-0465-4915-907A-47860404577D}.Debug|iPhoneSimulator.ActiveCfg = Debug|iPhoneSimulator
		{6125367E-0465-4915-907A-47860404577D}.Debug|iPhoneSimulator.Build.0 = Debug|iPhoneSimulator
		{6125367E-0465-4915-907A-47860404577D}.Release|Any CPU.ActiveCfg = Release|iPhone
		{6125367E-0465-4915-907A-47860404577D}.Release|iPhone.ActiveCfg = Release|iPhone
		{6125367E-0465-4915-907A-47860404577D}.Release|iPhone.Build.0 = Release|iPhone
		{6125367E-0465-4915-907A-47860404577D}.Release|iPhoneSimulator.ActiveCfg = Release|iPhoneSimulator
		{6125367E-0465-4915-907A-47860404577D}.Release|iPhoneSimulator.Build.0 = Release|iPhoneSimulator
		{21EE7AE1-FA08-4713-A14E-5EB54F22497D}.Debug|Any CPU.ActiveCfg = Debug|Any CPU
		{21EE7AE1-FA08-4713-A14E-5EB54F22497D}.Debug|Any CPU.Build.0 = Debug|Any CPU
		{21EE7AE1-FA08-4713-A14E-5EB54F22497D}.Debug|iPhone.ActiveCfg = Debug|Any CPU
		{21EE7AE1-FA08-4713-A14E-5EB54F22497D}.Debug|iPhone.Build.0 = Debug|Any CPU
		{21EE7AE1-FA08-4713-A14E-5EB54F22497D}.Debug|iPhoneSimulator.ActiveCfg = Debug|Any CPU
		{21EE7AE1-FA08-4713-A14E-5EB54F22497D}.Debug|iPhoneSimulator.Build.0 = Debug|Any CPU
		{21EE7AE1-FA08-4713-A14E-5EB54F22497D}.Release|Any CPU.ActiveCfg = Release|Any CPU
		{21EE7AE1-FA08-4713-A14E-5EB54F22497D}.Release|Any CPU.Build.0 = Release|Any CPU
		{21EE7AE1-FA08-4713-A14E-5EB54F22497D}.Release|iPhone.ActiveCfg = Release|Any CPU
		{21EE7AE1-FA08-4713-A14E-5EB54F22497D}.Release|iPhone.Build.0 = Release|Any CPU
		{21EE7AE1-FA08-4713-A14E-5EB54F22497D}.Release|iPhoneSimulator.ActiveCfg = Release|Any CPU
		{21EE7AE1-FA08-4713-A14E-5EB54F22497D}.Release|iPhoneSimulator.Build.0 = Release|Any CPU
	EndGlobalSection
	GlobalSection(SolutionProperties) = preSolution
		HideSolutionNode = FALSE
	EndGlobalSection
	GlobalSection(ExtensibilityGlobals) = postSolution
		SolutionGuid = {A6B6F6F7-453B-4E12-8AB0-59101D514CCF}
	EndGlobalSection
EndGlobal
